Microsoft Visual Studio Solution File, Format Version 11.00
# Visual Studio 2008

Project("{3608440F-8D91-06E2-6400-CC7F93406E7E}") = "MyFirstProject", "Assembly-CSharp-firstpass.csproj", "{106CA7E2-4693-4F24-02A0-83B1F5CFF76E}"
EndProject
Project("{3608440F-8D91-06E2-6400-CC7F93406E7E}") = "MyFirstProject", "Assembly-CSharp.csproj", "{79A912D3-66B9-DDF3-6203-61A74A7F619F}"
EndProject
Project("{3608440F-8D91-06E2-6400-CC7F93406E7E}") = "MyFirstProject", "Assembly-CSharp-Editor-firstpass.csproj", "{4AF59EFF-2009-F00C-9FF4-2340268F5C04}"
EndProject
Project("{3608440F-8D91-06E2-6400-CC7F93406E7E}") = "MyFirstProject", "Assembly-UnityScript-firstpass.unityproj", "{F646D6CA-B7B1-FDB1-A80F-AA2726042A95}"
EndProject
Project("{3608440F-8D91-06E2-6400-CC7F93406E7E}") = "MyFirstProject", "Assembly-UnityScript.unityproj", "{1193893D-F856-71C5-8973-BEEACB5BDAD2}"
EndProject
Global
	GlobalSection(SolutionConfigurationPlatforms) = preSolution
		Debug|Any CPU = Debug|Any CPU
		Release|Any CPU = Release|Any CPU
	EndGlobalSection
	GlobalSection(ProjectConfigurationPlatforms) = postSolution
		{106CA7E2-4693-4F24-02A0-83B1F5CFF76E}.Debug|Any CPU.ActiveCfg = Debug|Any CPU
		{106CA7E2-4693-4F24-02A0-83B1F5CFF76E}.Debug|Any CPU.Build.0 = Debug|Any CPU
		{106CA7E2-4693-4F24-02A0-83B1F5CFF76E}.Release|Any CPU.ActiveCfg = Release|Any CPU
		{106CA7E2-4693-4F24-02A0-83B1F5CFF76E}.Release|Any CPU.Build.0 = Release|Any CPU
		{79A912D3-66B9-DDF3-6203-61A74A7F619F}.Debug|Any CPU.ActiveCfg = Debug|Any CPU
		{79A912D3-66B9-DDF3-6203-61A74A7F619F}.Debug|Any CPU.Build.0 = Debug|Any CPU
		{79A912D3-66B9-DDF3-6203-61A74A7F619F}.Release|Any CPU.ActiveCfg = Release|Any CPU
		{79A912D3-66B9-DDF3-6203-61A74A7F619F}.Release|Any CPU.Build.0 = Release|Any CPU
		{4AF59EFF-2009-F00C-9FF4-2340268F5C04}.Debug|Any CPU.ActiveCfg = Debug|Any CPU
		{4AF59EFF-2009-F00C-9FF4-2340268F5C04}.Debug|Any CPU.Build.0 = Debug|Any CPU
		{4AF59EFF-2009-F00C-9FF4-2340268F5C04}.Release|Any CPU.ActiveCfg = Release|Any CPU
		{4AF59EFF-2009-F00C-9FF4-2340268F5C04}.Release|Any CPU.Build.0 = Release|Any CPU
		{F646D6CA-B7B1-FDB1-A80F-AA2726042A95}.Debug|Any CPU.ActiveCfg = Debug|Any CPU
		{F646D6CA-B7B1-FDB1-A80F-AA2726042A95}.Debug|Any CPU.Build.0 = Debug|Any CPU
		{F646D6CA-B7B1-FDB1-A80F-AA2726042A95}.Release|Any CPU.ActiveCfg = Release|Any CPU
		{F646D6CA-B7B1-FDB1-A80F-AA2726042A95}.Release|Any CPU.Build.0 = Release|Any CPU
		{1193893D-F856-71C5-8973-BEEACB5BDAD2}.Debug|Any CPU.ActiveCfg = Debug|Any CPU
		{1193893D-F856-71C5-8973-BEEACB5BDAD2}.Debug|Any CPU.Build.0 = Debug|Any CPU
		{1193893D-F856-71C5-8973-BEEACB5BDAD2}.Release|Any CPU.ActiveCfg = Release|Any CPU
		{1193893D-F856-71C5-8973-BEEACB5BDAD2}.Release|Any CPU.Build.0 = Release|Any CPU
	EndGlobalSection
	GlobalSection(SolutionProperties) = preSolution
		HideSolutionNode = FALSE
	EndGlobalSection
																																			GlobalSection(MonoDevelopProperties) = preSolution
		StartupItem = Assembly-CSharp.csproj
		Policies = $0
		$0.TextStylePolicy = $1
		$1.inheritsSet = null
		$1.scope = text/x-csharp
		$0.CSharpFormattingPolicy = $2
		$2.inheritsSet = Mono
		$2.inheritsScope = text/x-csharp
		$2.scope = text/x-csharp
		$0.TextStylePolicy = $3
		$3.FileWidth = 120
		$3.TabWidth = 4
		$3.EolMarker = Unix
		$3.inheritsSet = Mono
		$3.inheritsScope = text/plain
		$3.scope = text/plain
	EndGlobalSection

EndGlobal
